
Microsoft Visual Studio Solution File, Format Version 12.00
# Visual Studio Version 17
VisualStudioVersion = 17.3.32929.385
MinimumVisualStudioVersion = 10.0.40219.1
Project("{9A19103F-16F7-4668-BE54-9A1E7A4F7556}") = "00_HelloWorld", "00_HelloWorld\00_HelloWorld.csproj", "{D07F3109-3DE3-43F2-BF71-F4BCD329923D}"
EndProject
Project("{9A19103F-16F7-4668-BE54-9A1E7A4F7556}") = "01_ListBoxes", "01_ListBoxes\01_ListBoxes.csproj", "{599AB685-4339-4F2C-A997-DB7F2F606942}"
EndProject
Project("{9A19103F-16F7-4668-BE54-9A1E7A4F7556}") = "02_RadioButtons", "02_RadioButtons\02_RadioButtons.csproj", "{57582484-D33A-4893-AF20-E6E994CDF78B}"
EndProject
Project("{9A19103F-16F7-4668-BE54-9A1E7A4F7556}") = "03_Files", "03_Files\03_Files.csproj", "{6A20AC54-00BE-4AC3-B51E-236AC9F7CC13}"
EndProject
Project("{9A19103F-16F7-4668-BE54-9A1E7A4F7556}") = "04_Calculatrices", "04_Calculatrices\04_Calculatrices.csproj", "{A2126CD7-9DE7-43CD-9823-C5FFFA9A44B3}"
EndProject
Project("{9A19103F-16F7-4668-BE54-9A1E7A4F7556}") = "05_Serialization", "05_Serialization\05_Serialization.csproj", "{9FCBB1B4-E363-4885-A475-BC1B3B6955CA}"
	ProjectSection(ProjectDependencies) = postProject
		{C854C770-A694-42B2-8BE8-0417C7C0683B} = {C854C770-A694-42B2-8BE8-0417C7C0683B}
	EndProjectSection
EndProject
Project("{9A19103F-16F7-4668-BE54-9A1E7A4F7556}") = "05_Serializablle_dll", "05_Serializablle_dll\05_Serializablle_dll.csproj", "{C854C770-A694-42B2-8BE8-0417C7C0683B}"
EndProject
Project("{9A19103F-16F7-4668-BE54-9A1E7A4F7556}") = "06_DAO", "06_DAO\06_DAO.csproj", "{DD47B44B-9EE0-40E4-9111-A3020C54587F}"
EndProject
Project("{9A19103F-16F7-4668-BE54-9A1E7A4F7556}") = "07_MultiWindows", "06_MultiWindows\07_MultiWindows.csproj", "{8BA53102-44A6-4112-8F97-3C81E50B53BD}"
EndProject
Project("{2150E333-8FDC-42A3-9474-1A3956D46DE8}") = "WinForms", "WinForms", "{F17AF555-DDD3-439B-BB75-3ABDE0C755B3}"
EndProject
Project("{2150E333-8FDC-42A3-9474-1A3956D46DE8}") = "WPF", "WPF", "{7EC4E99C-6E32-4ECE-BCA5-3A36BC319F6C}"
EndProject
Project("{FAE04EC0-301F-11D3-BF4B-00C04F79EFBC}") = "CalculatriceWPF", "CalculatriceWPF\CalculatriceWPF.csproj", "{3E23D01F-E456-4307-8A20-FC1217660CAA}"
EndProject
Project("{FAE04EC0-301F-11D3-BF4B-00C04F79EFBC}") = "Dispatcher", "Dispatcher\Dispatcher.csproj", "{BE6B5A0D-35F5-476F-B012-D18863E04F11}"
EndProject
Project("{FAE04EC0-301F-11D3-BF4B-00C04F79EFBC}") = "BackgroundWorker", "BagroundWoker\BackgroundWorker.csproj", "{2D7CBD0A-88DE-431F-A9DC-B5F634D2864D}"
EndProject
Global
	GlobalSection(SolutionConfigurationPlatforms) = preSolution
		Debug|Any CPU = Debug|Any CPU
		Release|Any CPU = Release|Any CPU
	EndGlobalSection
	GlobalSection(ProjectConfigurationPlatforms) = postSolution
		{D07F3109-3DE3-43F2-BF71-F4BCD329923D}.Debug|Any CPU.ActiveCfg = Debug|Any CPU
		{D07F3109-3DE3-43F2-BF71-F4BCD329923D}.Debug|Any CPU.Build.0 = Debug|Any CPU
		{D07F3109-3DE3-43F2-BF71-F4BCD329923D}.Release|Any CPU.ActiveCfg = Release|Any CPU
		{D07F3109-3DE3-43F2-BF71-F4BCD329923D}.Release|Any CPU.Build.0 = Release|Any CPU
		{599AB685-4339-4F2C-A997-DB7F2F606942}.Debug|Any CPU.ActiveCfg = Debug|Any CPU
		{599AB685-4339-4F2C-A997-DB7F2F606942}.Debug|Any CPU.Build.0 = Debug|Any CPU
		{599AB685-4339-4F2C-A997-DB7F2F606942}.Release|Any CPU.ActiveCfg = Release|Any CPU
		{599AB685-4339-4F2C-A997-DB7F2F606942}.Release|Any CPU.Build.0 = Release|Any CPU
		{57582484-D33A-4893-AF20-E6E994CDF78B}.Debug|Any CPU.ActiveCfg = Debug|Any CPU
		{57582484-D33A-4893-AF20-E6E994CDF78B}.Debug|Any CPU.Build.0 = Debug|Any CPU
		{57582484-D33A-4893-AF20-E6E994CDF78B}.Release|Any CPU.ActiveCfg = Release|Any CPU
		{57582484-D33A-4893-AF20-E6E994CDF78B}.Release|Any CPU.Build.0 = Release|Any CPU
		{6A20AC54-00BE-4AC3-B51E-236AC9F7CC13}.Debug|Any CPU.ActiveCfg = Debug|Any CPU
		{6A20AC54-00BE-4AC3-B51E-236AC9F7CC13}.Debug|Any CPU.Build.0 = Debug|Any CPU
		{6A20AC54-00BE-4AC3-B51E-236AC9F7CC13}.Release|Any CPU.ActiveCfg = Release|Any CPU
		{6A20AC54-00BE-4AC3-B51E-236AC9F7CC13}.Release|Any CPU.Build.0 = Release|Any CPU
		{A2126CD7-9DE7-43CD-9823-C5FFFA9A44B3}.Debug|Any CPU.ActiveCfg = Debug|Any CPU
		{A2126CD7-9DE7-43CD-9823-C5FFFA9A44B3}.Debug|Any CPU.Build.0 = Debug|Any CPU
		{A2126CD7-9DE7-43CD-9823-C5FFFA9A44B3}.Release|Any CPU.ActiveCfg = Release|Any CPU
		{A2126CD7-9DE7-43CD-9823-C5FFFA9A44B3}.Release|Any CPU.Build.0 = Release|Any CPU
		{9FCBB1B4-E363-4885-A475-BC1B3B6955CA}.Debug|Any CPU.ActiveCfg = Debug|Any CPU
		{9FCBB1B4-E363-4885-A475-BC1B3B6955CA}.Debug|Any CPU.Build.0 = Debug|Any CPU
		{9FCBB1B4-E363-4885-A475-BC1B3B6955CA}.Release|Any CPU.ActiveCfg = Release|Any CPU
		{9FCBB1B4-E363-4885-A475-BC1B3B6955CA}.Release|Any CPU.Build.0 = Release|Any CPU
		{C854C770-A694-42B2-8BE8-0417C7C0683B}.Debug|Any CPU.ActiveCfg = Debug|Any CPU
		{C854C770-A694-42B2-8BE8-0417C7C0683B}.Debug|Any CPU.Build.0 = Debug|Any CPU
		{C854C770-A694-42B2-8BE8-0417C7C0683B}.Release|Any CPU.ActiveCfg = Release|Any CPU
		{C854C770-A694-42B2-8BE8-0417C7C0683B}.Release|Any CPU.Build.0 = Release|Any CPU
		{DD47B44B-9EE0-40E4-9111-A3020C54587F}.Debug|Any CPU.ActiveCfg = Debug|Any CPU
		{DD47B44B-9EE0-40E4-9111-A3020C54587F}.Debug|Any CPU.Build.0 = Debug|Any CPU
		{DD47B44B-9EE0-40E4-9111-A3020C54587F}.Release|Any CPU.ActiveCfg = Release|Any CPU
		{DD47B44B-9EE0-40E4-9111-A3020C54587F}.Release|Any CPU.Build.0 = Release|Any CPU
		{8BA53102-44A6-4112-8F97-3C81E50B53BD}.Debug|Any CPU.ActiveCfg = Debug|Any CPU
		{8BA53102-44A6-4112-8F97-3C81E50B53BD}.Debug|Any CPU.Build.0 = Debug|Any CPU
		{8BA53102-44A6-4112-8F97-3C81E50B53BD}.Release|Any CPU.ActiveCfg = Release|Any CPU
		{8BA53102-44A6-4112-8F97-3C81E50B53BD}.Release|Any CPU.Build.0 = Release|Any CPU
		{3E23D01F-E456-4307-8A20-FC1217660CAA}.Debug|Any CPU.ActiveCfg = Debug|Any CPU
		{3E23D01F-E456-4307-8A20-FC1217660CAA}.Debug|Any CPU.Build.0 = Debug|Any CPU
		{3E23D01F-E456-4307-8A20-FC1217660CAA}.Release|Any CPU.ActiveCfg = Release|Any CPU
		{3E23D01F-E456-4307-8A20-FC1217660CAA}.Release|Any CPU.Build.0 = Release|Any CPU
		{BE6B5A0D-35F5-476F-B012-D18863E04F11}.Debug|Any CPU.ActiveCfg = Debug|Any CPU
		{BE6B5A0D-35F5-476F-B012-D18863E04F11}.Debug|Any CPU.Build.0 = Debug|Any CPU
		{BE6B5A0D-35F5-476F-B012-D18863E04F11}.Release|Any CPU.ActiveCfg = Release|Any CPU
		{BE6B5A0D-35F5-476F-B012-D18863E04F11}.Release|Any CPU.Build.0 = Release|Any CPU
		{2D7CBD0A-88DE-431F-A9DC-B5F634D2864D}.Debug|Any CPU.ActiveCfg = Debug|Any CPU
		{2D7CBD0A-88DE-431F-A9DC-B5F634D2864D}.Debug|Any CPU.Build.0 = Debug|Any CPU
		{2D7CBD0A-88DE-431F-A9DC-B5F634D2864D}.Release|Any CPU.ActiveCfg = Release|Any CPU
		{2D7CBD0A-88DE-431F-A9DC-B5F634D2864D}.Release|Any CPU.Build.0 = Release|Any CPU
	EndGlobalSection
	GlobalSection(SolutionProperties) = preSolution
		HideSolutionNode = FALSE
	EndGlobalSection
	GlobalSection(NestedProjects) = preSolution
		{D07F3109-3DE3-43F2-BF71-F4BCD329923D} = {F17AF555-DDD3-439B-BB75-3ABDE0C755B3}
		{599AB685-4339-4F2C-A997-DB7F2F606942} = {F17AF555-DDD3-439B-BB75-3ABDE0C755B3}
		{57582484-D33A-4893-AF20-E6E994CDF78B} = {F17AF555-DDD3-439B-BB75-3ABDE0C755B3}
		{6A20AC54-00BE-4AC3-B51E-236AC9F7CC13} = {F17AF555-DDD3-439B-BB75-3ABDE0C755B3}
		{A2126CD7-9DE7-43CD-9823-C5FFFA9A44B3} = {F17AF555-DDD3-439B-BB75-3ABDE0C755B3}
		{9FCBB1B4-E363-4885-A475-BC1B3B6955CA} = {F17AF555-DDD3-439B-BB75-3ABDE0C755B3}
		{C854C770-A694-42B2-8BE8-0417C7C0683B} = {F17AF555-DDD3-439B-BB75-3ABDE0C755B3}
		{DD47B44B-9EE0-40E4-9111-A3020C54587F} = {F17AF555-DDD3-439B-BB75-3ABDE0C755B3}
		{8BA53102-44A6-4112-8F97-3C81E50B53BD} = {F17AF555-DDD3-439B-BB75-3ABDE0C755B3}
		{3E23D01F-E456-4307-8A20-FC1217660CAA} = {7EC4E99C-6E32-4ECE-BCA5-3A36BC319F6C}
		{BE6B5A0D-35F5-476F-B012-D18863E04F11} = {7EC4E99C-6E32-4ECE-BCA5-3A36BC319F6C}
		{2D7CBD0A-88DE-431F-A9DC-B5F634D2864D} = {7EC4E99C-6E32-4ECE-BCA5-3A36BC319F6C}
	EndGlobalSection
	GlobalSection(ExtensibilityGlobals) = postSolution
		SolutionGuid = {6FC1D878-B459-4F43-8340-95EDB6682216}
	EndGlobalSection
EndGlobal
